// !$*UTF8*$!
{
	archiveVersion = 1;
	classes = {
	};
	objectVersion = 46;
	objects = {

/* Begin PBXBuildFile section */
		B060A14C1F199F3D00516410 /* AppDelegate.swift in Sources */ = {isa = PBXBuildFile; fileRef = B060A14B1F199F3D00516410 /* AppDelegate.swift */; };
		B060A14E1F199F3D00516410 /* HomeController.swift in Sources */ = {isa = PBXBuildFile; fileRef = B060A14D1F199F3D00516410 /* HomeController.swift */; };
		B060A1511F199F3D00516410 /* Main.storyboard in Resources */ = {isa = PBXBuildFile; fileRef = B060A14F1F199F3D00516410 /* Main.storyboard */; };
		B060A1531F199F3D00516410 /* Assets.xcassets in Resources */ = {isa = PBXBuildFile; fileRef = B060A1521F199F3D00516410 /* Assets.xcassets */; };
		B060A1561F199F3D00516410 /* LaunchScreen.storyboard in Resources */ = {isa = PBXBuildFile; fileRef = B060A1541F199F3D00516410 /* LaunchScreen.storyboard */; };
		B060A15F1F1CAA0400516410 /* Extensions.swift in Sources */ = {isa = PBXBuildFile; fileRef = B060A15E1F1CAA0400516410 /* Extensions.swift */; };
		B060A1621F1CAAD700516410 /* VideoCell.swift in Sources */ = {isa = PBXBuildFile; fileRef = B060A1611F1CAAD700516410 /* VideoCell.swift */; };
		B060A1651F1D3EB400516410 /* MenuBar.swift in Sources */ = {isa = PBXBuildFile; fileRef = B060A1641F1D3EB400516410 /* MenuBar.swift */; };
		B060A1681F1D8FD200516410 /* Video.swift in Sources */ = {isa = PBXBuildFile; fileRef = B060A1671F1D8FD200516410 /* Video.swift */; };
		B060A16A1F20621200516410 /* SettingsLauncher.swift in Sources */ = {isa = PBXBuildFile; fileRef = B060A1691F20621200516410 /* SettingsLauncher.swift */; };
		B060A16C1F21A89100516410 /* SettingCell.swift in Sources */ = {isa = PBXBuildFile; fileRef = B060A16B1F21A89100516410 /* SettingCell.swift */; };
		B060A19C1F241FF600516410 /* ApiService.swift in Sources */ = {isa = PBXBuildFile; fileRef = B060A19B1F241FF600516410 /* ApiService.swift */; };
		B060A19E1F25381300516410 /* FeedCell.swift in Sources */ = {isa = PBXBuildFile; fileRef = B060A19D1F25381300516410 /* FeedCell.swift */; };
		B060A1A01F266C1200516410 /* TrendingCell.swift in Sources */ = {isa = PBXBuildFile; fileRef = B060A19F1F266C1200516410 /* TrendingCell.swift */; };
		B060A1A21F2673D600516410 /* SubscriptionCell.swift in Sources */ = {isa = PBXBuildFile; fileRef = B060A1A11F2673D600516410 /* SubscriptionCell.swift */; };
		B060A1A41F27A95100516410 /* VideoLauncher.swift in Sources */ = {isa = PBXBuildFile; fileRef = B060A1A31F27A95100516410 /* VideoLauncher.swift */; };
/* End PBXBuildFile section */

/* Begin PBXFileReference section */
		B060A1481F199F3D00516410 /* YouTube.app */ = {isa = PBXFileReference; explicitFileType = wrapper.application; includeInIndex = 0; path = YouTube.app; sourceTree = BUILT_PRODUCTS_DIR; };
		B060A14B1F199F3D00516410 /* AppDelegate.swift */ = {isa = PBXFileReference; lastKnownFileType = sourcecode.swift; path = AppDelegate.swift; sourceTree = "<group>"; };
		B060A14D1F199F3D00516410 /* HomeController.swift */ = {isa = PBXFileReference; lastKnownFileType = sourcecode.swift; path = HomeController.swift; sourceTree = "<group>"; };
		B060A1501F199F3D00516410 /* Base */ = {isa = PBXFileReference; lastKnownFileType = file.storyboard; name = Base; path = Base.lproj/Main.storyboard; sourceTree = "<group>"; };
		B060A1521F199F3D00516410 /* Assets.xcassets */ = {isa = PBXFileReference; lastKnownFileType = folder.assetcatalog; path = Assets.xcassets; sourceTree = "<group>"; };
		B060A1551F199F3D00516410 /* Base */ = {isa = PBXFileReference; lastKnownFileType = file.storyboard; name = Base; path = Base.lproj/LaunchScreen.storyboard; sourceTree = "<group>"; };
		B060A1571F199F3D00516410 /* Info.plist */ = {isa = PBXFileReference; lastKnownFileType = text.plist.xml; path = Info.plist; sourceTree = "<group>"; };
		B060A15E1F1CAA0400516410 /* Extensions.swift */ = {isa = PBXFileReference; fileEncoding = 4; lastKnownFileType = sourcecode.swift; path = Extensions.swift; sourceTree = "<group>"; };
		B060A1611F1CAAD700516410 /* VideoCell.swift */ = {isa = PBXFileReference; fileEncoding = 4; lastKnownFileType = sourcecode.swift; path = VideoCell.swift; sourceTree = "<group>"; };
		B060A1641F1D3EB400516410 /* MenuBar.swift */ = {isa = PBXFileReference; fileEncoding = 4; lastKnownFileType = sourcecode.swift; path = MenuBar.swift; sourceTree = "<group>"; };
		B060A1671F1D8FD200516410 /* Video.swift */ = {isa = PBXFileReference; fileEncoding = 4; lastKnownFileType = sourcecode.swift; path = Video.swift; sourceTree = "<group>"; };
		B060A1691F20621200516410 /* SettingsLauncher.swift */ = {isa = PBXFileReference; fileEncoding = 4; lastKnownFileType = sourcecode.swift; path = SettingsLauncher.swift; sourceTree = "<group>"; };
		B060A16B1F21A89100516410 /* SettingCell.swift */ = {isa = PBXFileReference; fileEncoding = 4; lastKnownFileType = sourcecode.swift; path = SettingCell.swift; sourceTree = "<group>"; };
		B060A19B1F241FF600516410 /* ApiService.swift */ = {isa = PBXFileReference; fileEncoding = 4; lastKnownFileType = sourcecode.swift; path = ApiService.swift; sourceTree = "<group>"; };
		B060A19D1F25381300516410 /* FeedCell.swift */ = {isa = PBXFileReference; fileEncoding = 4; lastKnownFileType = sourcecode.swift; path = FeedCell.swift; sourceTree = "<group>"; };
		B060A19F1F266C1200516410 /* TrendingCell.swift */ = {isa = PBXFileReference; fileEncoding = 4; lastKnownFileType = sourcecode.swift; path = TrendingCell.swift; sourceTree = "<group>"; };
		B060A1A11F2673D600516410 /* SubscriptionCell.swift */ = {isa = PBXFileReference; fileEncoding = 4; lastKnownFileType = sourcecode.swift; path = SubscriptionCell.swift; sourceTree = "<group>"; };
		B060A1A31F27A95100516410 /* VideoLauncher.swift */ = {isa = PBXFileReference; fileEncoding = 4; lastKnownFileType = sourcecode.swift; path = VideoLauncher.swift; sourceTree = "<group>"; };
/* End PBXFileReference section */

/* Begin PBXFrameworksBuildPhase section */
		B060A1451F199F3D00516410 /* Frameworks */ = {
			isa = PBXFrameworksBuildPhase;
			buildActionMask = 2147483647;
			files = (
			);
			runOnlyForDeploymentPostprocessing = 0;
		};
/* End PBXFrameworksBuildPhase section */

/* Begin PBXGroup section */
		B060A13F1F199F3D00516410 = {
			isa = PBXGroup;
			children = (
				B060A14A1F199F3D00516410 /* YouTube */,
				B060A1491F199F3D00516410 /* Products */,
			);
			sourceTree = "<group>";
		};
		B060A1491F199F3D00516410 /* Products */ = {
			isa = PBXGroup;
			children = (
				B060A1481F199F3D00516410 /* YouTube.app */,
			);
			name = Products;
			sourceTree = "<group>";
		};
		B060A14A1F199F3D00516410 /* YouTube */ = {
			isa = PBXGroup;
			children = (
				B060A19A1F241FC400516410 /* ApiService */,
				B060A1661F1D8FBA00516410 /* Model */,
				B060A1631F1CAB3800516410 /* Controller */,
				B060A1601F1CAABF00516410 /* View */,
				B060A15D1F1CA9E900516410 /* Helpers */,
				B060A14B1F199F3D00516410 /* AppDelegate.swift */,
				B060A14F1F199F3D00516410 /* Main.storyboard */,
				B060A1521F199F3D00516410 /* Assets.xcassets */,
				B060A1541F199F3D00516410 /* LaunchScreen.storyboard */,
				B060A1571F199F3D00516410 /* Info.plist */,
			);
			path = YouTube;
			sourceTree = "<group>";
		};
		B060A15D1F1CA9E900516410 /* Helpers */ = {
			isa = PBXGroup;
			children = (
				B060A15E1F1CAA0400516410 /* Extensions.swift */,
				B060A1A31F27A95100516410 /* VideoLauncher.swift */,
			);
			name = Helpers;
			sourceTree = "<group>";
		};
		B060A1601F1CAABF00516410 /* View */ = {
			isa = PBXGroup;
			children = (
				B060A1611F1CAAD700516410 /* VideoCell.swift */,
				B060A1641F1D3EB400516410 /* MenuBar.swift */,
				B060A16B1F21A89100516410 /* SettingCell.swift */,
				B060A19D1F25381300516410 /* FeedCell.swift */,
				B060A19F1F266C1200516410 /* TrendingCell.swift */,
				B060A1A11F2673D600516410 /* SubscriptionCell.swift */,
			);
			name = View;
			sourceTree = "<group>";
		};
		B060A1631F1CAB3800516410 /* Controller */ = {
			isa = PBXGroup;
			children = (
				B060A14D1F199F3D00516410 /* HomeController.swift */,
				B060A1691F20621200516410 /* SettingsLauncher.swift */,
			);
			name = Controller;
			sourceTree = "<group>";
		};
		B060A1661F1D8FBA00516410 /* Model */ = {
			isa = PBXGroup;
			children = (
				B060A1671F1D8FD200516410 /* Video.swift */,
			);
			name = Model;
			sourceTree = "<group>";
		};
		B060A19A1F241FC400516410 /* ApiService */ = {
			isa = PBXGroup;
			children = (
				B060A19B1F241FF600516410 /* ApiService.swift */,
			);
			name = ApiService;
			sourceTree = "<group>";
		};
/* End PBXGroup section */

/* Begin PBXNativeTarget section */
		B060A1471F199F3D00516410 /* YouTube */ = {
			isa = PBXNativeTarget;
			buildConfigurationList = B060A15A1F199F3D00516410 /* Build configuration list for PBXNativeTarget "YouTube" */;
			buildPhases = (
				B060A1441F199F3D00516410 /* Sources */,
				B060A1451F199F3D00516410 /* Frameworks */,
				B060A1461F199F3D00516410 /* Resources */,
			);
			buildRules = (
			);
			dependencies = (
			);
			name = YouTube;
			productName = YouTube;
			productReference = B060A1481F199F3D00516410 /* YouTube.app */;
			productType = "com.apple.product-type.application";
		};
/* End PBXNativeTarget section */

/* Begin PBXProject section */
		B060A1401F199F3D00516410 /* Project object */ = {
			isa = PBXProject;
			attributes = {
				LastSwiftUpdateCheck = 0830;
				LastUpgradeCheck = 0830;
				ORGANIZATIONNAME = Vijayanadk;
				TargetAttributes = {
					B060A1471F199F3D00516410 = {
						CreatedOnToolsVersion = 8.3.3;
						ProvisioningStyle = Automatic;
					};
				};
			};
			buildConfigurationList = B060A1431F199F3D00516410 /* Build configuration list for PBXProject "YouTube" */;
			compatibilityVersion = "Xcode 3.2";
			developmentRegion = English;
			hasScannedForEncodings = 0;
			knownRegions = (
				en,
				Base,
			);
			mainGroup = B060A13F1F199F3D00516410;
			productRefGroup = B060A1491F199F3D00516410 /* Products */;
			projectDirPath = "";
			projectRoot = "";
			targets = (
				B060A1471F199F3D00516410 /* YouTube */,
			);
		};
/* End PBXProject section */

/* Begin PBXResourcesBuildPhase section */
		B060A1461F199F3D00516410 /* Resources */ = {
			isa = PBXResourcesBuildPhase;
			buildActionMask = 2147483647;
			files = (
				B060A1561F199F3D00516410 /* LaunchScreen.storyboard in Resources */,
				B060A1531F199F3D00516410 /* Assets.xcassets in Resources */,
				B060A1511F199F3D00516410 /* Main.storyboard in Resources */,
			);
			runOnlyForDeploymentPostprocessing = 0;
		};
/* End PBXResourcesBuildPhase section */

/* Begin PBXSourcesBuildPhase section */
		B060A1441F199F3D00516410 /* Sources */ = {
			isa = PBXSourcesBuildPhase;
			buildActionMask = 2147483647;
			files = (
				B060A14E1F199F3D00516410 /* HomeController.swift in Sources */,
				B060A19E1F25381300516410 /* FeedCell.swift in Sources */,
				B060A1A01F266C1200516410 /* TrendingCell.swift in Sources */,
				B060A1681F1D8FD200516410 /* Video.swift in Sources */,
				B060A16C1F21A89100516410 /* SettingCell.swift in Sources */,
				B060A1621F1CAAD700516410 /* VideoCell.swift in Sources */,
				B060A16A1F20621200516410 /* SettingsLauncher.swift in Sources */,
				B060A1A41F27A95100516410 /* VideoLauncher.swift in Sources */,
				B060A19C1F241FF600516410 /* ApiService.swift in Sources */,
				B060A15F1F1CAA0400516410 /* Extensions.swift in Sources */,
				B060A14C1F199F3D00516410 /* AppDelegate.swift in Sources */,
				B060A1A21F2673D600516410 /* SubscriptionCell.swift in Sources */,
				B060A1651F1D3EB400516410 /* MenuBar.swift in Sources */,
			);
			runOnlyForDeploymentPostprocessing = 0;
		};
/* End PBXSourcesBuildPhase section */

/* Begin PBXVariantGroup section */
		B060A14F1F199F3D00516410 /* Main.storyboard */ = {
			isa = PBXVariantGroup;
			children = (
				B060A1501F199F3D00516410 /* Base */,
			);
			name = Main.storyboard;
			sourceTree = "<group>";
		};
		B060A1541F199F3D00516410 /* LaunchScreen.storyboard */ = {
			isa = PBXVariantGroup;
			children = (
				B060A1551F199F3D00516410 /* Base */,
			);
			name = LaunchScreen.storyboard;
			sourceTree = "<group>";
		};
/* End PBXVariantGroup section */

/* Begin XCBuildConfiguration section */
		B060A1581F199F3D00516410 /* Debug */ = {
			isa = XCBuildConfiguration;
			buildSettings = {
				ALWAYS_SEARCH_USER_PATHS = NO;
				CLANG_ANALYZER_NONNULL = YES;
				CLANG_ANALYZER_NUMBER_OBJECT_CONVERSION = YES_AGGRESSIVE;
				CLANG_CXX_LANGUAGE_STANDARD = "gnu++0x";
				CLANG_CXX_LIBRARY = "libc++";
				CLANG_ENABLE_MODULES = YES;
				CLANG_ENABLE_OBJC_ARC = YES;
				CLANG_WARN_BOOL_CONVERSION = YES;
				CLANG_WARN_CONSTANT_CONVERSION = YES;
				CLANG_WARN_DIRECT_OBJC_ISA_USAGE = YES_ERROR;
				CLANG_WARN_DOCUMENTATION_COMMENTS = YES;
				CLANG_WARN_EMPTY_BODY = YES;
				CLANG_WARN_ENUM_CONVERSION = YES;
				CLANG_WARN_INFINITE_RECURSION = YES;
				CLANG_WARN_INT_CONVERSION = YES;
				CLANG_WARN_OBJC_ROOT_CLASS = YES_ERROR;
				CLANG_WARN_SUSPICIOUS_MOVE = YES;
				CLANG_WARN_UNREACHABLE_CODE = YES;
				CLANG_WARN__DUPLICATE_METHOD_MATCH = YES;
				"CODE_SIGN_IDENTITY[sdk=iphoneos*]" = "iPhone Developer";
				COPY_PHASE_STRIP = NO;
				DEBUG_INFORMATION_FORMAT = dwarf;
				ENABLE_STRICT_OBJC_MSGSEND = YES;
				ENABLE_TESTABILITY = YES;
				GCC_C_LANGUAGE_STANDARD = gnu99;
				GCC_DYNAMIC_NO_PIC = NO;
				GCC_NO_COMMON_BLOCKS = YES;
				GCC_OPTIMIZATION_LEVEL = 0;
				GCC_PREPROCESSOR_DEFINITIONS = (
					"DEBUG=1",
					"$(inherited)",
				);
				GCC_WARN_64_TO_32_BIT_CONVERSION = YES;
				GCC_WARN_ABOUT_RETURN_TYPE = YES_ERROR;
				GCC_WARN_UNDECLARED_SELECTOR = YES;
				GCC_WARN_UNINITIALIZED_AUTOS = YES_AGGRESSIVE;
				GCC_WARN_UNUSED_FUNCTION = YES;
				GCC_WARN_UNUSED_VARIABLE = YES;
				IPHONEOS_DEPLOYMENT_TARGET = 10.3;
				MTL_ENABLE_DEBUG_INFO = YES;
				ONLY_ACTIVE_ARCH = YES;
				SDKROOT = iphoneos;
				SWIFT_ACTIVE_COMPILATION_CONDITIONS = DEBUG;
				SWIFT_OPTIMIZATION_LEVEL = "-Onone";
			};
			name = Debug;
		};
		B060A1591F199F3D00516410 /* Release */ = {
			isa = XCBuildConfiguration;
			buildSettings = {
				ALWAYS_SEARCH_USER_PATHS = NO;
				CLANG_ANALYZER_NONNULL = YES;
				CLANG_ANALYZER_NUMBER_OBJECT_CONVERSION = YES_AGGRESSIVE;
				CLANG_CXX_LANGUAGE_STANDARD = "gnu++0x";
				CLANG_CXX_LIBRARY = "libc++";
				CLANG_ENABLE_MODULES = YES;
				CLANG_ENABLE_OBJC_ARC = YES;
				CLANG_WARN_BOOL_CONVERSION = YES;
				CLANG_WARN_CONSTANT_CONVERSION = YES;
				CLANG_WARN_DIRECT_OBJC_ISA_USAGE = YES_ERROR;
				CLANG_WARN_DOCUMENTATION_COMMENTS = YES;
				CLANG_WARN_EMPTY_BODY = YES;
				CLANG_WARN_ENUM_CONVERSION = YES;
				CLANG_WARN_INFINITE_RECURSION = YES;
				CLANG_WARN_INT_CONVERSION = YES;
				CLANG_WARN_OBJC_ROOT_CLASS = YES_ERROR;
				CLANG_WARN_SUSPICIOUS_MOVE = YES;
				CLANG_WARN_UNREACHABLE_CODE = YES;
				CLANG_WARN__DUPLICATE_METHOD_MATCH = YES;
				"CODE_SIGN_IDENTITY[sdk=iphoneos*]" = "iPhone Developer";
				COPY_PHASE_STRIP = NO;
				DEBUG_INFORMATION_FORMAT = "dwarf-with-dsym";
				ENABLE_NS_ASSERTIONS = NO;
				ENABLE_STRICT_OBJC_MSGSEND = YES;
				GCC_C_LANGUAGE_STANDARD = gnu99;
				GCC_NO_COMMON_BLOCKS = YES;
				GCC_WARN_64_TO_32_BIT_CONVERSION = YES;
				GCC_WARN_ABOUT_RETURN_TYPE = YES_ERROR;
				GCC_WARN_UNDECLARED_SELECTOR = YES;
				GCC_WARN_UNINITIALIZED_AUTOS = YES_AGGRESSIVE;
				GCC_WARN_UNUSED_FUNCTION = YES;
				GCC_WARN_UNUSED_VARIABLE = YES;
				IPHONEOS_DEPLOYMENT_TARGET = 10.3;
				MTL_ENABLE_DEBUG_INFO = NO;
				SDKROOT = iphoneos;
				SWIFT_OPTIMIZATION_LEVEL = "-Owholemodule";
				VALIDATE_PRODUCT = YES;
			};
			name = Release;
		};
		B060A15B1F199F3D00516410 /* Debug */ = {
			isa = XCBuildConfiguration;
			buildSettings = {
				ASSETCATALOG_COMPILER_APPICON_NAME = AppIcon;
				INFOPLIST_FILE = YouTube/Info.plist;
				LD_RUNPATH_SEARCH_PATHS = "$(inherited) @executable_path/Frameworks";
				PRODUCT_BUNDLE_IDENTIFIER = Vijayanadk.YouTube;
				PRODUCT_NAME = "$(TARGET_NAME)";
				SWIFT_VERSION = 3.0;
			};
			name = Debug;
		};
		B060A15C1F199F3D00516410 /* Release */ = {
			isa = XCBuildConfiguration;
			buildSettings = {
				ASSETCATALOG_COMPILER_APPICON_NAME = AppIcon;
				INFOPLIST_FILE = YouTube/Info.plist;
				LD_RUNPATH_SEARCH_PATHS = "$(inherited) @executable_path/Frameworks";
				PRODUCT_BUNDLE_IDENTIFIER = Vijayanadk.YouTube;
				PRODUCT_NAME = "$(TARGET_NAME)";
				SWIFT_VERSION = 3.0;
			};
			name = Release;
		};
/* End XCBuildConfiguration section */

/* Begin XCConfigurationList section */
		B060A1431F199F3D00516410 /* Build configuration list for PBXProject "YouTube" */ = {
			isa = XCConfigurationList;
			buildConfigurations = (
				B060A1581F199F3D00516410 /* Debug */,
				B060A1591F199F3D00516410 /* Release */,
			);
			defaultConfigurationIsVisible = 0;
			defaultConfigurationName = Release;
		};
		B060A15A1F199F3D00516410 /* Build configuration list for PBXNativeTarget "YouTube" */ = {
			isa = XCConfigurationList;
			buildConfigurations = (
				B060A15B1F199F3D00516410 /* Debug */,
				B060A15C1F199F3D00516410 /* Release */,
			);
			defaultConfigurationIsVisible = 0;
			defaultConfigurationName = Release;
		};
/* End XCConfigurationList section */
	};
	rootObject = B060A1401F199F3D00516410 /* Project object */;
}
